// !$*UTF8*$!
{
	archiveVersion = 1;
	classes = {
	};
	objectVersion = 46;
	objects = {

/* Begin PBXBuildFile section */
		E713A4521E1F89B400E58BB6 /* ShotImage.swift in Sources */ = {isa = PBXBuildFile; fileRef = E713A4511E1F89B400E58BB6 /* ShotImage.swift */; };
		E74767851E23A08400300064 /* ShtoCollectionViewController.swift in Sources */ = {isa = PBXBuildFile; fileRef = E74767841E23A08400300064 /* ShtoCollectionViewController.swift */; };
		E75CA2061E1C9EFC0036CFC1 /* AppDelegate.swift in Sources */ = {isa = PBXBuildFile; fileRef = E75CA2051E1C9EFC0036CFC1 /* AppDelegate.swift */; };
		E75CA20B1E1C9EFC0036CFC1 /* Main.storyboard in Resources */ = {isa = PBXBuildFile; fileRef = E75CA2091E1C9EFC0036CFC1 /* Main.storyboard */; };
		E75CA20E1E1C9EFC0036CFC1 /* Driborn.xcdatamodeld in Sources */ = {isa = PBXBuildFile; fileRef = E75CA20C1E1C9EFC0036CFC1 /* Driborn.xcdatamodeld */; };
		E75CA2101E1C9EFC0036CFC1 /* Assets.xcassets in Resources */ = {isa = PBXBuildFile; fileRef = E75CA20F1E1C9EFC0036CFC1 /* Assets.xcassets */; };
		E75CA2131E1C9EFC0036CFC1 /* LaunchScreen.storyboard in Resources */ = {isa = PBXBuildFile; fileRef = E75CA2111E1C9EFC0036CFC1 /* LaunchScreen.storyboard */; };
		E75CA21C1E1CCA650036CFC1 /* Alamofire.framework in Frameworks */ = {isa = PBXBuildFile; fileRef = E75CA21A1E1CCA5A0036CFC1 /* Alamofire.framework */; };
		E75CA21D1E1CCA650036CFC1 /* Alamofire.framework in Embed Frameworks */ = {isa = PBXBuildFile; fileRef = E75CA21A1E1CCA5A0036CFC1 /* Alamofire.framework */; settings = {ATTRIBUTES = (CodeSignOnCopy, RemoveHeadersOnCopy, ); }; };
		E75CA2201E1CCAC10036CFC1 /* ShotHelper.swift in Sources */ = {isa = PBXBuildFile; fileRef = E75CA21F1E1CCAC10036CFC1 /* ShotHelper.swift */; };
		E75CA2281E1CEBF40036CFC1 /* SwiftyJSON.framework in Frameworks */ = {isa = PBXBuildFile; fileRef = E75CA2261E1CEBEB0036CFC1 /* SwiftyJSON.framework */; };
		E75CA2291E1CEBF40036CFC1 /* SwiftyJSON.framework in Embed Frameworks */ = {isa = PBXBuildFile; fileRef = E75CA2261E1CEBEB0036CFC1 /* SwiftyJSON.framework */; settings = {ATTRIBUTES = (CodeSignOnCopy, RemoveHeadersOnCopy, ); }; };
		E75CA22B1E1D07350036CFC1 /* ShotCollectionViewCell.swift in Sources */ = {isa = PBXBuildFile; fileRef = E75CA22A1E1D07350036CFC1 /* ShotCollectionViewCell.swift */; };
/* End PBXBuildFile section */

/* Begin PBXCopyFilesBuildPhase section */
		E75CA21E1E1CCA650036CFC1 /* Embed Frameworks */ = {
			isa = PBXCopyFilesBuildPhase;
			buildActionMask = 2147483647;
			dstPath = "";
			dstSubfolderSpec = 10;
			files = (
				E75CA2291E1CEBF40036CFC1 /* SwiftyJSON.framework in Embed Frameworks */,
				E75CA21D1E1CCA650036CFC1 /* Alamofire.framework in Embed Frameworks */,
			);
			name = "Embed Frameworks";
			runOnlyForDeploymentPostprocessing = 0;
		};
/* End PBXCopyFilesBuildPhase section */

/* Begin PBXFileReference section */
		E713A4511E1F89B400E58BB6 /* ShotImage.swift */ = {isa = PBXFileReference; fileEncoding = 4; lastKnownFileType = sourcecode.swift; path = ShotImage.swift; sourceTree = "<group>"; };
		E74767841E23A08400300064 /* ShtoCollectionViewController.swift */ = {isa = PBXFileReference; fileEncoding = 4; lastKnownFileType = sourcecode.swift; path = ShtoCollectionViewController.swift; sourceTree = "<group>"; };
		E75CA2021E1C9EFC0036CFC1 /* Driborn.app */ = {isa = PBXFileReference; explicitFileType = wrapper.application; includeInIndex = 0; path = Driborn.app; sourceTree = BUILT_PRODUCTS_DIR; };
		E75CA2051E1C9EFC0036CFC1 /* AppDelegate.swift */ = {isa = PBXFileReference; lastKnownFileType = sourcecode.swift; path = AppDelegate.swift; sourceTree = "<group>"; };
		E75CA20A1E1C9EFC0036CFC1 /* Base */ = {isa = PBXFileReference; lastKnownFileType = file.storyboard; name = Base; path = Base.lproj/Main.storyboard; sourceTree = "<group>"; };
		E75CA20D1E1C9EFC0036CFC1 /* Driborn.xcdatamodel */ = {isa = PBXFileReference; lastKnownFileType = wrapper.xcdatamodel; path = Driborn.xcdatamodel; sourceTree = "<group>"; };
		E75CA20F1E1C9EFC0036CFC1 /* Assets.xcassets */ = {isa = PBXFileReference; lastKnownFileType = folder.assetcatalog; path = Assets.xcassets; sourceTree = "<group>"; };
		E75CA2121E1C9EFC0036CFC1 /* Base */ = {isa = PBXFileReference; lastKnownFileType = file.storyboard; name = Base; path = Base.lproj/LaunchScreen.storyboard; sourceTree = "<group>"; };
		E75CA2141E1C9EFC0036CFC1 /* Info.plist */ = {isa = PBXFileReference; lastKnownFileType = text.plist.xml; path = Info.plist; sourceTree = "<group>"; };
		E75CA21A1E1CCA5A0036CFC1 /* Alamofire.framework */ = {isa = PBXFileReference; lastKnownFileType = wrapper.framework; path = Alamofire.framework; sourceTree = "<group>"; };
		E75CA21F1E1CCAC10036CFC1 /* ShotHelper.swift */ = {isa = PBXFileReference; fileEncoding = 4; lastKnownFileType = sourcecode.swift; path = ShotHelper.swift; sourceTree = "<group>"; };
		E75CA2261E1CEBEB0036CFC1 /* SwiftyJSON.framework */ = {isa = PBXFileReference; lastKnownFileType = wrapper.framework; path = SwiftyJSON.framework; sourceTree = "<group>"; };
		E75CA22A1E1D07350036CFC1 /* ShotCollectionViewCell.swift */ = {isa = PBXFileReference; fileEncoding = 4; lastKnownFileType = sourcecode.swift; path = ShotCollectionViewCell.swift; sourceTree = "<group>"; };
/* End PBXFileReference section */

/* Begin PBXFrameworksBuildPhase section */
		E75CA1FF1E1C9EFC0036CFC1 /* Frameworks */ = {
			isa = PBXFrameworksBuildPhase;
			buildActionMask = 2147483647;
			files = (
				E75CA2281E1CEBF40036CFC1 /* SwiftyJSON.framework in Frameworks */,
				E75CA21C1E1CCA650036CFC1 /* Alamofire.framework in Frameworks */,
			);
			runOnlyForDeploymentPostprocessing = 0;
		};
/* End PBXFrameworksBuildPhase section */

/* Begin PBXGroup section */
		E75CA1F91E1C9EFC0036CFC1 = {
			isa = PBXGroup;
			children = (
				E75CA2041E1C9EFC0036CFC1 /* Driborn */,
				E75CA2031E1C9EFC0036CFC1 /* Products */,
			);
			sourceTree = "<group>";
		};
		E75CA2031E1C9EFC0036CFC1 /* Products */ = {
			isa = PBXGroup;
			children = (
				E75CA2021E1C9EFC0036CFC1 /* Driborn.app */,
			);
			name = Products;
			sourceTree = "<group>";
		};
		E75CA2041E1C9EFC0036CFC1 /* Driborn */ = {
			isa = PBXGroup;
			children = (
				E75CA2251E1CE8B20036CFC1 /* Libs */,
				E75CA2051E1C9EFC0036CFC1 /* AppDelegate.swift */,
				E74767841E23A08400300064 /* ShtoCollectionViewController.swift */,
				E75CA22A1E1D07350036CFC1 /* ShotCollectionViewCell.swift */,
				E713A4511E1F89B400E58BB6 /* ShotImage.swift */,
				E75CA21F1E1CCAC10036CFC1 /* ShotHelper.swift */,
				E75CA2091E1C9EFC0036CFC1 /* Main.storyboard */,
				E75CA20F1E1C9EFC0036CFC1 /* Assets.xcassets */,
				E75CA2111E1C9EFC0036CFC1 /* LaunchScreen.storyboard */,
				E75CA2141E1C9EFC0036CFC1 /* Info.plist */,
				E75CA20C1E1C9EFC0036CFC1 /* Driborn.xcdatamodeld */,
			);
			path = Driborn;
			sourceTree = "<group>";
		};
		E75CA2251E1CE8B20036CFC1 /* Libs */ = {
			isa = PBXGroup;
			children = (
				E75CA2261E1CEBEB0036CFC1 /* SwiftyJSON.framework */,
				E75CA21A1E1CCA5A0036CFC1 /* Alamofire.framework */,
			);
			name = Libs;
			sourceTree = "<group>";
		};
/* End PBXGroup section */

/* Begin PBXNativeTarget section */
		E75CA2011E1C9EFC0036CFC1 /* Driborn */ = {
			isa = PBXNativeTarget;
			buildConfigurationList = E75CA2171E1C9EFC0036CFC1 /* Build configuration list for PBXNativeTarget "Driborn" */;
			buildPhases = (
				E75CA1FE1E1C9EFC0036CFC1 /* Sources */,
				E75CA1FF1E1C9EFC0036CFC1 /* Frameworks */,
				E75CA2001E1C9EFC0036CFC1 /* Resources */,
				E75CA21E1E1CCA650036CFC1 /* Embed Frameworks */,
			);
			buildRules = (
			);
			dependencies = (
			);
			name = Driborn;
			productName = Driborn;
			productReference = E75CA2021E1C9EFC0036CFC1 /* Driborn.app */;
			productType = "com.apple.product-type.application";
		};
/* End PBXNativeTarget section */

/* Begin PBXProject section */
		E75CA1FA1E1C9EFC0036CFC1 /* Project object */ = {
			isa = PBXProject;
			attributes = {
				LastSwiftUpdateCheck = 0820;
				LastUpgradeCheck = 0820;
				ORGANIZATIONNAME = "alan chu";
				TargetAttributes = {
					E75CA2011E1C9EFC0036CFC1 = {
						CreatedOnToolsVersion = 8.2.1;
						DevelopmentTeam = 7HLS78FJG8;
						ProvisioningStyle = Automatic;
					};
				};
			};
			buildConfigurationList = E75CA1FD1E1C9EFC0036CFC1 /* Build configuration list for PBXProject "Driborn" */;
			compatibilityVersion = "Xcode 3.2";
			developmentRegion = English;
			hasScannedForEncodings = 0;
			knownRegions = (
				en,
				Base,
			);
			mainGroup = E75CA1F91E1C9EFC0036CFC1;
			productRefGroup = E75CA2031E1C9EFC0036CFC1 /* Products */;
			projectDirPath = "";
			projectRoot = "";
			targets = (
				E75CA2011E1C9EFC0036CFC1 /* Driborn */,
			);
		};
/* End PBXProject section */

/* Begin PBXResourcesBuildPhase section */
		E75CA2001E1C9EFC0036CFC1 /* Resources */ = {
			isa = PBXResourcesBuildPhase;
			buildActionMask = 2147483647;
			files = (
				E75CA2131E1C9EFC0036CFC1 /* LaunchScreen.storyboard in Resources */,
				E75CA2101E1C9EFC0036CFC1 /* Assets.xcassets in Resources */,
				E75CA20B1E1C9EFC0036CFC1 /* Main.storyboard in Resources */,
			);
			runOnlyForDeploymentPostprocessing = 0;
		};
/* End PBXResourcesBuildPhase section */

/* Begin PBXSourcesBuildPhase section */
		E75CA1FE1E1C9EFC0036CFC1 /* Sources */ = {
			isa = PBXSourcesBuildPhase;
			buildActionMask = 2147483647;
			files = (
				E74767851E23A08400300064 /* ShtoCollectionViewController.swift in Sources */,
				E75CA20E1E1C9EFC0036CFC1 /* Driborn.xcdatamodeld in Sources */,
				E713A4521E1F89B400E58BB6 /* ShotImage.swift in Sources */,
				E75CA22B1E1D07350036CFC1 /* ShotCollectionViewCell.swift in Sources */,
				E75CA2061E1C9EFC0036CFC1 /* AppDelegate.swift in Sources */,
				E75CA2201E1CCAC10036CFC1 /* ShotHelper.swift in Sources */,
			);
			runOnlyForDeploymentPostprocessing = 0;
		};
/* End PBXSourcesBuildPhase section */

/* Begin PBXVariantGroup section */
		E75CA2091E1C9EFC0036CFC1 /* Main.storyboard */ = {
			isa = PBXVariantGroup;
			children = (
				E75CA20A1E1C9EFC0036CFC1 /* Base */,
			);
			name = Main.storyboard;
			sourceTree = "<group>";
		};
		E75CA2111E1C9EFC0036CFC1 /* LaunchScreen.storyboard */ = {
			isa = PBXVariantGroup;
			children = (
				E75CA2121E1C9EFC0036CFC1 /* Base */,
			);
			name = LaunchScreen.storyboard;
			sourceTree = "<group>";
		};
/* End PBXVariantGroup section */

/* Begin XCBuildConfiguration section */
		E75CA2151E1C9EFC0036CFC1 /* Debug */ = {
			isa = XCBuildConfiguration;
			buildSettings = {
				ALWAYS_SEARCH_USER_PATHS = NO;
				CLANG_ANALYZER_NONNULL = YES;
				CLANG_CXX_LANGUAGE_STANDARD = "gnu++0x";
				CLANG_CXX_LIBRARY = "libc++";
				CLANG_ENABLE_MODULES = YES;
				CLANG_ENABLE_OBJC_ARC = YES;
				CLANG_WARN_BOOL_CONVERSION = YES;
				CLANG_WARN_CONSTANT_CONVERSION = YES;
				CLANG_WARN_DIRECT_OBJC_ISA_USAGE = YES_ERROR;
				CLANG_WARN_DOCUMENTATION_COMMENTS = YES;
				CLANG_WARN_EMPTY_BODY = YES;
				CLANG_WARN_ENUM_CONVERSION = YES;
				CLANG_WARN_INFINITE_RECURSION = YES;
				CLANG_WARN_INT_CONVERSION = YES;
				CLANG_WARN_OBJC_ROOT_CLASS = YES_ERROR;
				CLANG_WARN_SUSPICIOUS_MOVE = YES;
				CLANG_WARN_UNREACHABLE_CODE = YES;
				CLANG_WARN__DUPLICATE_METHOD_MATCH = YES;
				"CODE_SIGN_IDENTITY[sdk=iphoneos*]" = "iPhone Developer";
				COPY_PHASE_STRIP = NO;
				DEBUG_INFORMATION_FORMAT = dwarf;
				ENABLE_STRICT_OBJC_MSGSEND = YES;
				ENABLE_TESTABILITY = YES;
				GCC_C_LANGUAGE_STANDARD = gnu99;
				GCC_DYNAMIC_NO_PIC = NO;
				GCC_NO_COMMON_BLOCKS = YES;
				GCC_OPTIMIZATION_LEVEL = 0;
				GCC_PREPROCESSOR_DEFINITIONS = (
					"DEBUG=1",
					"$(inherited)",
				);
				GCC_WARN_64_TO_32_BIT_CONVERSION = YES;
				GCC_WARN_ABOUT_RETURN_TYPE = YES_ERROR;
				GCC_WARN_UNDECLARED_SELECTOR = YES;
				GCC_WARN_UNINITIALIZED_AUTOS = YES_AGGRESSIVE;
				GCC_WARN_UNUSED_FUNCTION = YES;
				GCC_WARN_UNUSED_VARIABLE = YES;
				IPHONEOS_DEPLOYMENT_TARGET = 10.2;
				MTL_ENABLE_DEBUG_INFO = YES;
				ONLY_ACTIVE_ARCH = YES;
				SDKROOT = iphoneos;
				SWIFT_ACTIVE_COMPILATION_CONDITIONS = DEBUG;
				SWIFT_OPTIMIZATION_LEVEL = "-Onone";
			};
			name = Debug;
		};
		E75CA2161E1C9EFC0036CFC1 /* Release */ = {
			isa = XCBuildConfiguration;
			buildSettings = {
				ALWAYS_SEARCH_USER_PATHS = NO;
				CLANG_ANALYZER_NONNULL = YES;
				CLANG_CXX_LANGUAGE_STANDARD = "gnu++0x";
				CLANG_CXX_LIBRARY = "libc++";
				CLANG_ENABLE_MODULES = YES;
				CLANG_ENABLE_OBJC_ARC = YES;
				CLANG_WARN_BOOL_CONVERSION = YES;
				CLANG_WARN_CONSTANT_CONVERSION = YES;
				CLANG_WARN_DIRECT_OBJC_ISA_USAGE = YES_ERROR;
				CLANG_WARN_DOCUMENTATION_COMMENTS = YES;
				CLANG_WARN_EMPTY_BODY = YES;
				CLANG_WARN_ENUM_CONVERSION = YES;
				CLANG_WARN_INFINITE_RECURSION = YES;
				CLANG_WARN_INT_CONVERSION = YES;
				CLANG_WARN_OBJC_ROOT_CLASS = YES_ERROR;
				CLANG_WARN_SUSPICIOUS_MOVE = YES;
				CLANG_WARN_UNREACHABLE_CODE = YES;
				CLANG_WARN__DUPLICATE_METHOD_MATCH = YES;
				"CODE_SIGN_IDENTITY[sdk=iphoneos*]" = "iPhone Developer";
				COPY_PHASE_STRIP = NO;
				DEBUG_INFORMATION_FORMAT = "dwarf-with-dsym";
				ENABLE_NS_ASSERTIONS = NO;
				ENABLE_STRICT_OBJC_MSGSEND = YES;
				GCC_C_LANGUAGE_STANDARD = gnu99;
				GCC_NO_COMMON_BLOCKS = YES;
				GCC_WARN_64_TO_32_BIT_CONVERSION = YES;
				GCC_WARN_ABOUT_RETURN_TYPE = YES_ERROR;
				GCC_WARN_UNDECLARED_SELECTOR = YES;
				GCC_WARN_UNINITIALIZED_AUTOS = YES_AGGRESSIVE;
				GCC_WARN_UNUSED_FUNCTION = YES;
				GCC_WARN_UNUSED_VARIABLE = YES;
				IPHONEOS_DEPLOYMENT_TARGET = 10.2;
				MTL_ENABLE_DEBUG_INFO = NO;
				SDKROOT = iphoneos;
				SWIFT_OPTIMIZATION_LEVEL = "-Owholemodule";
				VALIDATE_PRODUCT = YES;
			};
			name = Release;
		};
		E75CA2181E1C9EFC0036CFC1 /* Debug */ = {
			isa = XCBuildConfiguration;
			buildSettings = {
				ASSETCATALOG_COMPILER_APPICON_NAME = AppIcon;
				DEVELOPMENT_TEAM = 7HLS78FJG8;
				FRAMEWORK_SEARCH_PATHS = (
					"$(inherited)",
					"$(PROJECT_DIR)/Driborn",
				);
				INFOPLIST_FILE = Driborn/Info.plist;
				LD_RUNPATH_SEARCH_PATHS = "$(inherited) @executable_path/Frameworks";
				PRODUCT_BUNDLE_IDENTIFIER = cc.yanidea.Driborn;
				PRODUCT_NAME = "$(TARGET_NAME)";
				SWIFT_VERSION = 3.0;
				TARGETED_DEVICE_FAMILY = 1;
			};
			name = Debug;
		};
		E75CA2191E1C9EFC0036CFC1 /* Release */ = {
			isa = XCBuildConfiguration;
			buildSettings = {
				ASSETCATALOG_COMPILER_APPICON_NAME = AppIcon;
				DEVELOPMENT_TEAM = 7HLS78FJG8;
				FRAMEWORK_SEARCH_PATHS = (
					"$(inherited)",
					"$(PROJECT_DIR)/Driborn",
				);
				INFOPLIST_FILE = Driborn/Info.plist;
				LD_RUNPATH_SEARCH_PATHS = "$(inherited) @executable_path/Frameworks";
				PRODUCT_BUNDLE_IDENTIFIER = cc.yanidea.Driborn;
				PRODUCT_NAME = "$(TARGET_NAME)";
				SWIFT_VERSION = 3.0;
				TARGETED_DEVICE_FAMILY = 1;
			};
			name = Release;
		};
/* End XCBuildConfiguration section */

/* Begin XCConfigurationList section */
		E75CA1FD1E1C9EFC0036CFC1 /* Build configuration list for PBXProject "Driborn" */ = {
			isa = XCConfigurationList;
			buildConfigurations = (
				E75CA2151E1C9EFC0036CFC1 /* Debug */,
				E75CA2161E1C9EFC0036CFC1 /* Release */,
			);
			defaultConfigurationIsVisible = 0;
			defaultConfigurationName = Release;
		};
		E75CA2171E1C9EFC0036CFC1 /* Build configuration list for PBXNativeTarget "Driborn" */ = {
			isa = XCConfigurationList;
			buildConfigurations = (
				E75CA2181E1C9EFC0036CFC1 /* Debug */,
				E75CA2191E1C9EFC0036CFC1 /* Release */,
			);
			defaultConfigurationIsVisible = 0;
			defaultConfigurationName = Release;
		};
/* End XCConfigurationList section */

/* Begin XCVersionGroup section */
		E75CA20C1E1C9EFC0036CFC1 /* Driborn.xcdatamodeld */ = {
			isa = XCVersionGroup;
			children = (
				E75CA20D1E1C9EFC0036CFC1 /* Driborn.xcdatamodel */,
			);
			currentVersion = E75CA20D1E1C9EFC0036CFC1 /* Driborn.xcdatamodel */;
			path = Driborn.xcdatamodeld;
			sourceTree = "<group>";
			versionGroupType = wrapper.xcdatamodel;
		};
/* End XCVersionGroup section */
	};
	rootObject = E75CA1FA1E1C9EFC0036CFC1 /* Project object */;
}
